# This file is automatically @generated by Cargo.
# It is not intended for manual editing.
version = 4

[[package]]
name = "sql-expr"
version = "0.1.0"
dependencies = [
 "sql-types",
]

[[package]]
name = "sql-join"
version = "0.1.0"

[[package]]
name = "sql-parser"
version = "0.1.0"
dependencies = [
 "sql-expr",
 "sql-types",
]

[[package]]
name = "sql-types"
version = "0.1.0"
